
Microsoft Visual Studio Solution File, Format Version 12.00
# Visual Studio Version 17
VisualStudioVersion = 17.0.31903.59
MinimumVisualStudioVersion = 10.0.40219.1
Project("{FAE04EC0-301F-11D3-BF4B-00C04F79EFBC}") = "MyProject", "MyProject\MyProject.csproj", "{C6D35980-7A5A-4B6C-B1B2-9BF21C13E069}"
EndProject
Global
	GlobalSection(SolutionConfigurationPlatforms) = preSolution
		Debug|Any CPU = Debug|Any CPU
		Release|Any CPU = Release|Any CPU
	EndGlobalSection
	GlobalSection(SolutionProperties) = preSolution
		HideSolutionNode = FALSE
	EndGlobalSection
	GlobalSection(ProjectConfigurationPlatforms) = postSolution
		{C6D35980-7A5A-4B6C-B1B2-9BF21C13E069}.Debug|Any CPU.ActiveCfg = Debug|Any CPU
		{C6D35980-7A5A-4B6C-B1B2-9BF21C13E069}.Debug|Any CPU.Build.0 = Debug|Any CPU
		{C6D35980-7A5A-4B6C-B1B2-9BF21C13E069}.Release|Any CPU.ActiveCfg = Release|Any CPU
		{C6D35980-7A5A-4B6C-B1B2-9BF21C13E069}.Release|Any CPU.Build.0 = Release|Any CPU
	EndGlobalSection
EndGlobal
